{
  "name": "it-markdown-ssg-example",
  "lockfileVersion": 3,
  "requires": true,
  "packages": {
    "": {
      "name": "it-markdown-ssg-example",
      "dependencies": {
        "it-markdown": "file:../.."
      }
    },
    "../..": {
      "name": "it-markdown",
      "version": "0.2.0",
      "license": "MIT",
      "dependencies": {
        "marked": "^15.0.12"
      },
      "bin": {
        "it-markdown": "dist/cli.js"
      },
      "devDependencies": {
        "@types/node": "^22.15.21",
        "micromark": "^4.0.2",
        "typescript": "^5.8.3",
        "vitest": "^3.1.4"
      },
      "engines": {
        "node": ">=20"
      }
    },
    "node_modules/it-markdown": {
      "resolved": "../..",
      "link": true
    }
  }
}
